
Microsoft Visual Studio Solution File, Format Version 12.00
# Visual Studio 15
VisualStudioVersion = 15.0.28307.539
MinimumVisualStudioVersion = 10.0.40219.1
Project("{FAE04EC0-301F-11D3-BF4B-00C04F79EFBC}") = "WebApplicationdbLearning", "WebApplicationdbLearning\WebApplicationdbLearning.csproj", "{295F54B4-5976-4108-A3F0-5AB63F8BF923}"
EndProject
Global
	GlobalSection(SolutionConfigurationPlatforms) = preSolution
		Debug|Any CPU = Debug|Any CPU
		Release|Any CPU = Release|Any CPU
	EndGlobalSection
	GlobalSection(ProjectConfigurationPlatforms) = postSolution
		{295F54B4-5976-4108-A3F0-5AB63F8BF923}.Debug|Any CPU.ActiveCfg = Debug|Any CPU
		{295F54B4-5976-4108-A3F0-5AB63F8BF923}.Debug|Any CPU.Build.0 = Debug|Any CPU
		{295F54B4-5976-4108-A3F0-5AB63F8BF923}.Release|Any CPU.ActiveCfg = Release|Any CPU
		{295F54B4-5976-4108-A3F0-5AB63F8BF923}.Release|Any CPU.Build.0 = Release|Any CPU
	EndGlobalSection
	GlobalSection(SolutionProperties) = preSolution
		HideSolutionNode = FALSE
	EndGlobalSection
	GlobalSection(ExtensibilityGlobals) = postSolution
		SolutionGuid = {F09F6F18-4EE6-4EB1-BB17-D873C0DC112E}
	EndGlobalSection
EndGlobal
